// !$*UTF8*$!
{
	archiveVersion = 1;
	classes = {
	};
	objectVersion = 50;
	objects = {

/* Begin PBXBuildFile section */
		3A000CB9228CED9800CE555D /* AppDelegate.swift in Sources */ = {isa = PBXBuildFile; fileRef = 3A000CB8228CED9800CE555D /* AppDelegate.swift */; };
		3A000CBB228CED9800CE555D /* ViewController.swift in Sources */ = {isa = PBXBuildFile; fileRef = 3A000CBA228CED9800CE555D /* ViewController.swift */; };
		3A000CBE228CED9800CE555D /* Main.storyboard in Resources */ = {isa = PBXBuildFile; fileRef = 3A000CBC228CED9800CE555D /* Main.storyboard */; };
		3A000CC0228CED9A00CE555D /* Assets.xcassets in Resources */ = {isa = PBXBuildFile; fileRef = 3A000CBF228CED9A00CE555D /* Assets.xcassets */; };
		3A000CC3228CED9A00CE555D /* LaunchScreen.storyboard in Resources */ = {isa = PBXBuildFile; fileRef = 3A000CC1228CED9A00CE555D /* LaunchScreen.storyboard */; };
		3A000CCE228CED9A00CE555D /* myAppTests.swift in Sources */ = {isa = PBXBuildFile; fileRef = 3A000CCD228CED9A00CE555D /* myAppTests.swift */; };
		3A000CD9228CED9A00CE555D /* myAppUITests.swift in Sources */ = {isa = PBXBuildFile; fileRef = 3A000CD8228CED9A00CE555D /* myAppUITests.swift */; };
/* End PBXBuildFile section */

/* Begin PBXContainerItemProxy section */
		3A000CCA228CED9A00CE555D /* PBXContainerItemProxy */ = {
			isa = PBXContainerItemProxy;
			containerPortal = 3A000CAD228CED9800CE555D /* Project object */;
			proxyType = 1;
			remoteGlobalIDString = 3A000CB4228CED9800CE555D;
			remoteInfo = myApp;
		};
		3A000CD5228CED9A00CE555D /* PBXContainerItemProxy */ = {
			isa = PBXContainerItemProxy;
			containerPortal = 3A000CAD228CED9800CE555D /* Project object */;
			proxyType = 1;
			remoteGlobalIDString = 3A000CB4228CED9800CE555D;
			remoteInfo = myApp;
		};
/* End PBXContainerItemProxy section */

/* Begin PBXFileReference section */
		3A000CB5228CED9800CE555D /* myApp.app */ = {isa = PBXFileReference; explicitFileType = wrapper.application; includeInIndex = 0; path = myApp.app; sourceTree = BUILT_PRODUCTS_DIR; };
		3A000CB8228CED9800CE555D /* AppDelegate.swift */ = {isa = PBXFileReference; lastKnownFileType = sourcecode.swift; path = AppDelegate.swift; sourceTree = "<group>"; };
		3A000CBA228CED9800CE555D /* ViewController.swift */ = {isa = PBXFileReference; lastKnownFileType = sourcecode.swift; path = ViewController.swift; sourceTree = "<group>"; };
		3A000CBD228CED9800CE555D /* Base */ = {isa = PBXFileReference; lastKnownFileType = file.storyboard; name = Base; path = Base.lproj/Main.storyboard; sourceTree = "<group>"; };
		3A000CBF228CED9A00CE555D /* Assets.xcassets */ = {isa = PBXFileReference; lastKnownFileType = folder.assetcatalog; path = Assets.xcassets; sourceTree = "<group>"; };
		3A000CC2228CED9A00CE555D /* Base */ = {isa = PBXFileReference; lastKnownFileType = file.storyboard; name = Base; path = Base.lproj/LaunchScreen.storyboard; sourceTree = "<group>"; };
		3A000CC4228CED9A00CE555D /* Info.plist */ = {isa = PBXFileReference; lastKnownFileType = text.plist.xml; path = Info.plist; sourceTree = "<group>"; };
		3A000CC9228CED9A00CE555D /* myAppTests.xctest */ = {isa = PBXFileReference; explicitFileType = wrapper.cfbundle; includeInIndex = 0; path = myAppTests.xctest; sourceTree = BUILT_PRODUCTS_DIR; };
		3A000CCD228CED9A00CE555D /* myAppTests.swift */ = {isa = PBXFileReference; lastKnownFileType = sourcecode.swift; path = myAppTests.swift; sourceTree = "<group>"; };
		3A000CCF228CED9A00CE555D /* Info.plist */ = {isa = PBXFileReference; lastKnownFileType = text.plist.xml; path = Info.plist; sourceTree = "<group>"; };
		3A000CD4228CED9A00CE555D /* myAppUITests.xctest */ = {isa = PBXFileReference; explicitFileType = wrapper.cfbundle; includeInIndex = 0; path = myAppUITests.xctest; sourceTree = BUILT_PRODUCTS_DIR; };
		3A000CD8228CED9A00CE555D /* myAppUITests.swift */ = {isa = PBXFileReference; lastKnownFileType = sourcecode.swift; path = myAppUITests.swift; sourceTree = "<group>"; };
		3A000CDA228CED9A00CE555D /* Info.plist */ = {isa = PBXFileReference; lastKnownFileType = text.plist.xml; path = Info.plist; sourceTree = "<group>"; };
/* End PBXFileReference section */

/* Begin PBXFrameworksBuildPhase section */
		3A000CB2228CED9800CE555D /* Frameworks */ = {
			isa = PBXFrameworksBuildPhase;
			buildActionMask = 2147483647;
			files = (
			);
			runOnlyForDeploymentPostprocessing = 0;
		};
		3A000CC6228CED9A00CE555D /* Frameworks */ = {
			isa = PBXFrameworksBuildPhase;
			buildActionMask = 2147483647;
			files = (
			);
			runOnlyForDeploymentPostprocessing = 0;
		};
		3A000CD1228CED9A00CE555D /* Frameworks */ = {
			isa = PBXFrameworksBuildPhase;
			buildActionMask = 2147483647;
			files = (
			);
			runOnlyForDeploymentPostprocessing = 0;
		};
/* End PBXFrameworksBuildPhase section */

/* Begin PBXGroup section */
		3A000CAC228CED9800CE555D = {
			isa = PBXGroup;
			children = (
				3A000CB7228CED9800CE555D /* myApp */,
				3A000CCC228CED9A00CE555D /* myAppTests */,
				3A000CD7228CED9A00CE555D /* myAppUITests */,
				3A000CB6228CED9800CE555D /* Products */,
			);
			sourceTree = "<group>";
		};
		3A000CB6228CED9800CE555D /* Products */ = {
			isa = PBXGroup;
			children = (
				3A000CB5228CED9800CE555D /* myApp.app */,
				3A000CC9228CED9A00CE555D /* myAppTests.xctest */,
				3A000CD4228CED9A00CE555D /* myAppUITests.xctest */,
			);
			name = Products;
			sourceTree = "<group>";
		};
		3A000CB7228CED9800CE555D /* myApp */ = {
			isa = PBXGroup;
			children = (
				3A000CB8228CED9800CE555D /* AppDelegate.swift */,
				3A000CBA228CED9800CE555D /* ViewController.swift */,
				3A000CBC228CED9800CE555D /* Main.storyboard */,
				3A000CBF228CED9A00CE555D /* Assets.xcassets */,
				3A000CC1228CED9A00CE555D /* LaunchScreen.storyboard */,
				3A000CC4228CED9A00CE555D /* Info.plist */,
			);
			path = myApp;
			sourceTree = "<group>";
		};
		3A000CCC228CED9A00CE555D /* myAppTests */ = {
			isa = PBXGroup;
			children = (
				3A000CCD228CED9A00CE555D /* myAppTests.swift */,
				3A000CCF228CED9A00CE555D /* Info.plist */,
			);
			path = myAppTests;
			sourceTree = "<group>";
		};
		3A000CD7228CED9A00CE555D /* myAppUITests */ = {
			isa = PBXGroup;
			children = (
				3A000CD8228CED9A00CE555D /* myAppUITests.swift */,
				3A000CDA228CED9A00CE555D /* Info.plist */,
			);
			path = myAppUITests;
			sourceTree = "<group>";
		};
/* End PBXGroup section */

/* Begin PBXNativeTarget section */
		3A000CB4228CED9800CE555D /* myApp */ = {
			isa = PBXNativeTarget;
			buildConfigurationList = 3A000CDD228CED9A00CE555D /* Build configuration list for PBXNativeTarget "myApp" */;
			buildPhases = (
				3A000CB1228CED9800CE555D /* Sources */,
				3A000CB2228CED9800CE555D /* Frameworks */,
				3A000CB3228CED9800CE555D /* Resources */,
			);
			buildRules = (
			);
			dependencies = (
			);
			name = myApp;
			productName = myApp;
			productReference = 3A000CB5228CED9800CE555D /* myApp.app */;
			productType = "com.apple.product-type.application";
		};
		3A000CC8228CED9A00CE555D /* myAppTests */ = {
			isa = PBXNativeTarget;
			buildConfigurationList = 3A000CE0228CED9A00CE555D /* Build configuration list for PBXNativeTarget "myAppTests" */;
			buildPhases = (
				3A000CC5228CED9A00CE555D /* Sources */,
				3A000CC6228CED9A00CE555D /* Frameworks */,
				3A000CC7228CED9A00CE555D /* Resources */,
			);
			buildRules = (
			);
			dependencies = (
				3A000CCB228CED9A00CE555D /* PBXTargetDependency */,
			);
			name = myAppTests;
			productName = myAppTests;
			productReference = 3A000CC9228CED9A00CE555D /* myAppTests.xctest */;
			productType = "com.apple.product-type.bundle.unit-test";
		};
		3A000CD3228CED9A00CE555D /* myAppUITests */ = {
			isa = PBXNativeTarget;
			buildConfigurationList = 3A000CE3228CED9A00CE555D /* Build configuration list for PBXNativeTarget "myAppUITests" */;
			buildPhases = (
				3A000CD0228CED9A00CE555D /* Sources */,
				3A000CD1228CED9A00CE555D /* Frameworks */,
				3A000CD2228CED9A00CE555D /* Resources */,
			);
			buildRules = (
			);
			dependencies = (
				3A000CD6228CED9A00CE555D /* PBXTargetDependency */,
			);
			name = myAppUITests;
			productName = myAppUITests;
			productReference = 3A000CD4228CED9A00CE555D /* myAppUITests.xctest */;
			productType = "com.apple.product-type.bundle.ui-testing";
		};
/* End PBXNativeTarget section */

/* Begin PBXProject section */
		3A000CAD228CED9800CE555D /* Project object */ = {
			isa = PBXProject;
			attributes = {
				LastSwiftUpdateCheck = 1020;
				LastUpgradeCheck = 1020;
				ORGANIZATIONNAME = "Anjali Joseph";
				TargetAttributes = {
					3A000CB4228CED9800CE555D = {
						CreatedOnToolsVersion = 10.2.1;
					};
					3A000CC8228CED9A00CE555D = {
						CreatedOnToolsVersion = 10.2.1;
						TestTargetID = 3A000CB4228CED9800CE555D;
					};
					3A000CD3228CED9A00CE555D = {
						CreatedOnToolsVersion = 10.2.1;
						TestTargetID = 3A000CB4228CED9800CE555D;
					};
				};
			};
			buildConfigurationList = 3A000CB0228CED9800CE555D /* Build configuration list for PBXProject "myApp" */;
			compatibilityVersion = "Xcode 9.3";
			developmentRegion = en;
			hasScannedForEncodings = 0;
			knownRegions = (
				en,
				Base,
			);
			mainGroup = 3A000CAC228CED9800CE555D;
			productRefGroup = 3A000CB6228CED9800CE555D /* Products */;
			projectDirPath = "";
			projectRoot = "";
			targets = (
				3A000CB4228CED9800CE555D /* myApp */,
				3A000CC8228CED9A00CE555D /* myAppTests */,
				3A000CD3228CED9A00CE555D /* myAppUITests */,
			);
		};
/* End PBXProject section */

/* Begin PBXResourcesBuildPhase section */
		3A000CB3228CED9800CE555D /* Resources */ = {
			isa = PBXResourcesBuildPhase;
			buildActionMask = 2147483647;
			files = (
				3A000CC3228CED9A00CE555D /* LaunchScreen.storyboard in Resources */,
				3A000CC0228CED9A00CE555D /* Assets.xcassets in Resources */,
				3A000CBE228CED9800CE555D /* Main.storyboard in Resources */,
			);
			runOnlyForDeploymentPostprocessing = 0;
		};
		3A000CC7228CED9A00CE555D /* Resources */ = {
			isa = PBXResourcesBuildPhase;
			buildActionMask = 2147483647;
			files = (
			);
			runOnlyForDeploymentPostprocessing = 0;
		};
		3A000CD2228CED9A00CE555D /* Resources */ = {
			isa = PBXResourcesBuildPhase;
			buildActionMask = 2147483647;
			files = (
			);
			runOnlyForDeploymentPostprocessing = 0;
		};
/* End PBXResourcesBuildPhase section */

/* Begin PBXSourcesBuildPhase section */
		3A000CB1228CED9800CE555D /* Sources */ = {
			isa = PBXSourcesBuildPhase;
			buildActionMask = 2147483647;
			files = (
				3A000CBB228CED9800CE555D /* ViewController.swift in Sources */,
				3A000CB9228CED9800CE555D /* AppDelegate.swift in Sources */,
			);
			runOnlyForDeploymentPostprocessing = 0;
		};
		3A000CC5228CED9A00CE555D /* Sources */ = {
			isa = PBXSourcesBuildPhase;
			buildActionMask = 2147483647;
			files = (
				3A000CCE228CED9A00CE555D /* myAppTests.swift in Sources */,
			);
			runOnlyForDeploymentPostprocessing = 0;
		};
		3A000CD0228CED9A00CE555D /* Sources */ = {
			isa = PBXSourcesBuildPhase;
			buildActionMask = 2147483647;
			files = (
				3A000CD9228CED9A00CE555D /* myAppUITests.swift in Sources */,
			);
			runOnlyForDeploymentPostprocessing = 0;
		};
/* End PBXSourcesBuildPhase section */

/* Begin PBXTargetDependency section */
		3A000CCB228CED9A00CE555D /* PBXTargetDependency */ = {
			isa = PBXTargetDependency;
			target = 3A000CB4228CED9800CE555D /* myApp */;
			targetProxy = 3A000CCA228CED9A00CE555D /* PBXContainerItemProxy */;
		};
		3A000CD6228CED9A00CE555D /* PBXTargetDependency */ = {
			isa = PBXTargetDependency;
			target = 3A000CB4228CED9800CE555D /* myApp */;
			targetProxy = 3A000CD5228CED9A00CE555D /* PBXContainerItemProxy */;
		};
/* End PBXTargetDependency section */

/* Begin PBXVariantGroup section */
		3A000CBC228CED9800CE555D /* Main.storyboard */ = {
			isa = PBXVariantGroup;
			children = (
				3A000CBD228CED9800CE555D /* Base */,
			);
			name = Main.storyboard;
			sourceTree = "<group>";
		};
		3A000CC1228CED9A00CE555D /* LaunchScreen.storyboard */ = {
			isa = PBXVariantGroup;
			children = (
				3A000CC2228CED9A00CE555D /* Base */,
			);
			name = LaunchScreen.storyboard;
			sourceTree = "<group>";
		};
/* End PBXVariantGroup section */

/* Begin XCBuildConfiguration section */
		3A000CDB228CED9A00CE555D /* Debug */ = {
			isa = XCBuildConfiguration;
			buildSettings = {
				ALWAYS_SEARCH_USER_PATHS = NO;
				CLANG_ANALYZER_NONNULL = YES;
				CLANG_ANALYZER_NUMBER_OBJECT_CONVERSION = YES_AGGRESSIVE;
				CLANG_CXX_LANGUAGE_STANDARD = "gnu++14";
				CLANG_CXX_LIBRARY = "libc++";
				CLANG_ENABLE_MODULES = YES;
				CLANG_ENABLE_OBJC_ARC = YES;
				CLANG_ENABLE_OBJC_WEAK = YES;
				CLANG_WARN_BLOCK_CAPTURE_AUTORELEASING = YES;
				CLANG_WARN_BOOL_CONVERSION = YES;
				CLANG_WARN_COMMA = YES;
				CLANG_WARN_CONSTANT_CONVERSION = YES;
				CLANG_WARN_DEPRECATED_OBJC_IMPLEMENTATIONS = YES;
				CLANG_WARN_DIRECT_OBJC_ISA_USAGE = YES_ERROR;
				CLANG_WARN_DOCUMENTATION_COMMENTS = YES;
				CLANG_WARN_EMPTY_BODY = YES;
				CLANG_WARN_ENUM_CONVERSION = YES;
				CLANG_WARN_INFINITE_RECURSION = YES;
				CLANG_WARN_INT_CONVERSION = YES;
				CLANG_WARN_NON_LITERAL_NULL_CONVERSION = YES;
				CLANG_WARN_OBJC_IMPLICIT_RETAIN_SELF = YES;
				CLANG_WARN_OBJC_LITERAL_CONVERSION = YES;
				CLANG_WARN_OBJC_ROOT_CLASS = YES_ERROR;
				CLANG_WARN_RANGE_LOOP_ANALYSIS = YES;
				CLANG_WARN_STRICT_PROTOTYPES = YES;
				CLANG_WARN_SUSPICIOUS_MOVE = YES;
				CLANG_WARN_UNGUARDED_AVAILABILITY = YES_AGGRESSIVE;
				CLANG_WARN_UNREACHABLE_CODE = YES;
				CLANG_WARN__DUPLICATE_METHOD_MATCH = YES;
				CODE_SIGN_IDENTITY = "iPhone Developer";
				COPY_PHASE_STRIP = NO;
				DEBUG_INFORMATION_FORMAT = dwarf;
				ENABLE_STRICT_OBJC_MSGSEND = YES;
				ENABLE_TESTABILITY = YES;
				GCC_C_LANGUAGE_STANDARD = gnu11;
				GCC_DYNAMIC_NO_PIC = NO;
				GCC_NO_COMMON_BLOCKS = YES;
				GCC_OPTIMIZATION_LEVEL = 0;
				GCC_PREPROCESSOR_DEFINITIONS = (
					"DEBUG=1",
					"$(inherited)",
				);
				GCC_WARN_64_TO_32_BIT_CONVERSION = YES;
				GCC_WARN_ABOUT_RETURN_TYPE = YES_ERROR;
				GCC_WARN_UNDECLARED_SELECTOR = YES;
				GCC_WARN_UNINITIALIZED_AUTOS = YES_AGGRESSIVE;
				GCC_WARN_UNUSED_FUNCTION = YES;
				GCC_WARN_UNUSED_VARIABLE = YES;
				IPHONEOS_DEPLOYMENT_TARGET = 12.2;
				MTL_ENABLE_DEBUG_INFO = INCLUDE_SOURCE;
				MTL_FAST_MATH = YES;
				ONLY_ACTIVE_ARCH = YES;
				SDKROOT = iphoneos;
				SWIFT_ACTIVE_COMPILATION_CONDITIONS = DEBUG;
				SWIFT_OPTIMIZATION_LEVEL = "-Onone";
			};
			name = Debug;
		};
		3A000CDC228CED9A00CE555D /* Release */ = {
			isa = XCBuildConfiguration;
			buildSettings = {
				ALWAYS_SEARCH_USER_PATHS = NO;
				CLANG_ANALYZER_NONNULL = YES;
				CLANG_ANALYZER_NUMBER_OBJECT_CONVERSION = YES_AGGRESSIVE;
				CLANG_CXX_LANGUAGE_STANDARD = "gnu++14";
				CLANG_CXX_LIBRARY = "libc++";
				CLANG_ENABLE_MODULES = YES;
				CLANG_ENABLE_OBJC_ARC = YES;
				CLANG_ENABLE_OBJC_WEAK = YES;
				CLANG_WARN_BLOCK_CAPTURE_AUTORELEASING = YES;
				CLANG_WARN_BOOL_CONVERSION = YES;
				CLANG_WARN_COMMA = YES;
				CLANG_WARN_CONSTANT_CONVERSION = YES;
				CLANG_WARN_DEPRECATED_OBJC_IMPLEMENTATIONS = YES;
				CLANG_WARN_DIRECT_OBJC_ISA_USAGE = YES_ERROR;
				CLANG_WARN_DOCUMENTATION_COMMENTS = YES;
				CLANG_WARN_EMPTY_BODY = YES;
				CLANG_WARN_ENUM_CONVERSION = YES;
				CLANG_WARN_INFINITE_RECURSION = YES;
				CLANG_WARN_INT_CONVERSION = YES;
				CLANG_WARN_NON_LITERAL_NULL_CONVERSION = YES;
				CLANG_WARN_OBJC_IMPLICIT_RETAIN_SELF = YES;
				CLANG_WARN_OBJC_LITERAL_CONVERSION = YES;
				CLANG_WARN_OBJC_ROOT_CLASS = YES_ERROR;
				CLANG_WARN_RANGE_LOOP_ANALYSIS = YES;
				CLANG_WARN_STRICT_PROTOTYPES = YES;
				CLANG_WARN_SUSPICIOUS_MOVE = YES;
				CLANG_WARN_UNGUARDED_AVAILABILITY = YES_AGGRESSIVE;
				CLANG_WARN_UNREACHABLE_CODE = YES;
				CLANG_WARN__DUPLICATE_METHOD_MATCH = YES;
				CODE_SIGN_IDENTITY = "iPhone Developer";
				COPY_PHASE_STRIP = NO;
				DEBUG_INFORMATION_FORMAT = "dwarf-with-dsym";
				ENABLE_NS_ASSERTIONS = NO;
				ENABLE_STRICT_OBJC_MSGSEND = YES;
				GCC_C_LANGUAGE_STANDARD = gnu11;
				GCC_NO_COMMON_BLOCKS = YES;
				GCC_WARN_64_TO_32_BIT_CONVERSION = YES;
				GCC_WARN_ABOUT_RETURN_TYPE = YES_ERROR;
				GCC_WARN_UNDECLARED_SELECTOR = YES;
				GCC_WARN_UNINITIALIZED_AUTOS = YES_AGGRESSIVE;
				GCC_WARN_UNUSED_FUNCTION = YES;
				GCC_WARN_UNUSED_VARIABLE = YES;
				IPHONEOS_DEPLOYMENT_TARGET = 12.2;
				MTL_ENABLE_DEBUG_INFO = NO;
				MTL_FAST_MATH = YES;
				SDKROOT = iphoneos;
				SWIFT_COMPILATION_MODE = wholemodule;
				SWIFT_OPTIMIZATION_LEVEL = "-O";
				VALIDATE_PRODUCT = YES;
			};
			name = Release;
		};
		3A000CDE228CED9A00CE555D /* Debug */ = {
			isa = XCBuildConfiguration;
			buildSettings = {
				ASSETCATALOG_COMPILER_APPICON_NAME = AppIcon;
				CODE_SIGN_STYLE = Automatic;
				INFOPLIST_FILE = myApp/Info.plist;
				LD_RUNPATH_SEARCH_PATHS = (
					"$(inherited)",
					"@executable_path/Frameworks",
				);
				PRODUCT_BUNDLE_IDENTIFIER = com.trios.myApp;
				PRODUCT_NAME = "$(TARGET_NAME)";
				SWIFT_VERSION = 5.0;
				TARGETED_DEVICE_FAMILY = "1,2";
			};
			name = Debug;
		};
		3A000CDF228CED9A00CE555D /* Release */ = {
			isa = XCBuildConfiguration;
			buildSettings = {
				ASSETCATALOG_COMPILER_APPICON_NAME = AppIcon;
				CODE_SIGN_STYLE = Automatic;
				INFOPLIST_FILE = myApp/Info.plist;
				LD_RUNPATH_SEARCH_PATHS = (
					"$(inherited)",
					"@executable_path/Frameworks",
				);
				PRODUCT_BUNDLE_IDENTIFIER = com.trios.myApp;
				PRODUCT_NAME = "$(TARGET_NAME)";
				SWIFT_VERSION = 5.0;
				TARGETED_DEVICE_FAMILY = "1,2";
			};
			name = Release;
		};
		3A000CE1228CED9A00CE555D /* Debug */ = {
			isa = XCBuildConfiguration;
			buildSettings = {
				ALWAYS_EMBED_SWIFT_STANDARD_LIBRARIES = YES;
				BUNDLE_LOADER = "$(TEST_HOST)";
				CODE_SIGN_STYLE = Automatic;
				INFOPLIST_FILE = myAppTests/Info.plist;
				LD_RUNPATH_SEARCH_PATHS = (
					"$(inherited)",
					"@executable_path/Frameworks",
					"@loader_path/Frameworks",
				);
				PRODUCT_BUNDLE_IDENTIFIER = com.trios.myAppTests;
				PRODUCT_NAME = "$(TARGET_NAME)";
				SWIFT_VERSION = 5.0;
				TARGETED_DEVICE_FAMILY = "1,2";
				TEST_HOST = "$(BUILT_PRODUCTS_DIR)/myApp.app/myApp";
			};
			name = Debug;
		};
		3A000CE2228CED9A00CE555D /* Release */ = {
			isa = XCBuildConfiguration;
			buildSettings = {
				ALWAYS_EMBED_SWIFT_STANDARD_LIBRARIES = YES;
				BUNDLE_LOADER = "$(TEST_HOST)";
				CODE_SIGN_STYLE = Automatic;
				INFOPLIST_FILE = myAppTests/Info.plist;
				LD_RUNPATH_SEARCH_PATHS = (
					"$(inherited)",
					"@executable_path/Frameworks",
					"@loader_path/Frameworks",
				);
				PRODUCT_BUNDLE_IDENTIFIER = com.trios.myAppTests;
				PRODUCT_NAME = "$(TARGET_NAME)";
				SWIFT_VERSION = 5.0;
				TARGETED_DEVICE_FAMILY = "1,2";
				TEST_HOST = "$(BUILT_PRODUCTS_DIR)/myApp.app/myApp";
			};
			name = Release;
		};
		3A000CE4228CED9A00CE555D /* Debug */ = {
			isa = XCBuildConfiguration;
			buildSettings = {
				ALWAYS_EMBED_SWIFT_STANDARD_LIBRARIES = YES;
				CODE_SIGN_STYLE = Automatic;
				INFOPLIST_FILE = myAppUITests/Info.plist;
				LD_RUNPATH_SEARCH_PATHS = (
					"$(inherited)",
					"@executable_path/Frameworks",
					"@loader_path/Frameworks",
				);
				PRODUCT_BUNDLE_IDENTIFIER = com.trios.myAppUITests;
				PRODUCT_NAME = "$(TARGET_NAME)";
				SWIFT_VERSION = 5.0;
				TARGETED_DEVICE_FAMILY = "1,2";
				TEST_TARGET_NAME = myApp;
			};
			name = Debug;
		};
		3A000CE5228CED9A00CE555D /* Release */ = {
			isa = XCBuildConfiguration;
			buildSettings = {
				ALWAYS_EMBED_SWIFT_STANDARD_LIBRARIES = YES;
				CODE_SIGN_STYLE = Automatic;
				INFOPLIST_FILE = myAppUITests/Info.plist;
				LD_RUNPATH_SEARCH_PATHS = (
					"$(inherited)",
					"@executable_path/Frameworks",
					"@loader_path/Frameworks",
				);
				PRODUCT_BUNDLE_IDENTIFIER = com.trios.myAppUITests;
				PRODUCT_NAME = "$(TARGET_NAME)";
				SWIFT_VERSION = 5.0;
				TARGETED_DEVICE_FAMILY = "1,2";
				TEST_TARGET_NAME = myApp;
			};
			name = Release;
		};
/* End XCBuildConfiguration section */

/* Begin XCConfigurationList section */
		3A000CB0228CED9800CE555D /* Build configuration list for PBXProject "myApp" */ = {
			isa = XCConfigurationList;
			buildConfigurations = (
				3A000CDB228CED9A00CE555D /* Debug */,
				3A000CDC228CED9A00CE555D /* Release */,
			);
			defaultConfigurationIsVisible = 0;
			defaultConfigurationName = Release;
		};
		3A000CDD228CED9A00CE555D /* Build configuration list for PBXNativeTarget "myApp" */ = {
			isa = XCConfigurationList;
			buildConfigurations = (
				3A000CDE228CED9A00CE555D /* Debug */,
				3A000CDF228CED9A00CE555D /* Release */,
			);
			defaultConfigurationIsVisible = 0;
			defaultConfigurationName = Release;
		};
		3A000CE0228CED9A00CE555D /* Build configuration list for PBXNativeTarget "myAppTests" */ = {
			isa = XCConfigurationList;
			buildConfigurations = (
				3A000CE1228CED9A00CE555D /* Debug */,
				3A000CE2228CED9A00CE555D /* Release */,
			);
			defaultConfigurationIsVisible = 0;
			defaultConfigurationName = Release;
		};
		3A000CE3228CED9A00CE555D /* Build configuration list for PBXNativeTarget "myAppUITests" */ = {
			isa = XCConfigurationList;
			buildConfigurations = (
				3A000CE4228CED9A00CE555D /* Debug */,
				3A000CE5228CED9A00CE555D /* Release */,
			);
			defaultConfigurationIsVisible = 0;
			defaultConfigurationName = Release;
		};
/* End XCConfigurationList section */
	};
	rootObject = 3A000CAD228CED9800CE555D /* Project object */;
}
